
Microsoft Visual Studio Solution File, Format Version 12.00
# Visual Studio Version 17
VisualStudioVersion = 17.0.31903.59
MinimumVisualStudioVersion = 10.0.40219.1
Project("{2150E333-8FDC-42A3-9474-1A3956D46DE8}") = "src", "src", "{827E0CD3-B72D-47B6-A68D-7590B98EB39B}"
EndProject
Project("{FAE04EC0-301F-11D3-BF4B-00C04F79EFBC}") = "Oficina.Cadastro.Api", "src\Oficina.Cadastro.Api\Oficina.Cadastro.Api.csproj", "{B8B61C2B-4329-4535-A044-CD7531654F61}"
EndProject
Project("{FAE04EC0-301F-11D3-BF4B-00C04F79EFBC}") = "Oficina.Cadastro.Application", "src\Oficina.Cadastro.Application\Oficina.Cadastro.Application.csproj", "{D9BC7348-C3A6-4E7A-8668-6AF5B794CCB3}"
EndProject
Project("{FAE04EC0-301F-11D3-BF4B-00C04F79EFBC}") = "Oficina.Cadastro.Domain", "src\Oficina.Cadastro.Domain\Oficina.Cadastro.Domain.csproj", "{76BE1814-588F-4F3D-92F7-E80F6FA47B57}"
EndProject
Project("{FAE04EC0-301F-11D3-BF4B-00C04F79EFBC}") = "Oficina.Cadastro.Infrastructure", "src\Oficina.Cadastro.Infrastructure\Oficina.Cadastro.Infrastructure.csproj", "{BDB01797-2E00-442B-B732-95327A77D2D1}"
EndProject
Project("{2150E333-8FDC-42A3-9474-1A3956D46DE8}") = "tests", "tests", "{0AB3BF05-4346-4AA6-1389-037BE0695223}"
EndProject
Project("{FAE04EC0-301F-11D3-BF4B-00C04F79EFBC}") = "Oficina.Cadastro.UnitTests", "tests\Oficina.Cadastro.UnitTests\Oficina.Cadastro.UnitTests.csproj", "{ADAD19F8-4CE7-4DF6-8DA1-D614653A1364}"
EndProject
Project("{FAE04EC0-301F-11D3-BF4B-00C04F79EFBC}") = "Oficina.Cadastro.IntegrationTests", "tests\Oficina.Cadastro.IntegrationTests\Oficina.Cadastro.IntegrationTests.csproj", "{3D4B7989-9F25-40A6-AEF3-2F88EE913128}"
EndProject
Project("{FAE04EC0-301F-11D3-BF4B-00C04F79EFBC}") = "Oficina.Cadastro.ContractTests", "tests\Oficina.Cadastro.ContractTests\Oficina.Cadastro.ContractTests.csproj", "{B6294DB2-366F-4BB8-96BA-1BA1A830F1EA}"
EndProject
Global
	GlobalSection(SolutionConfigurationPlatforms) = preSolution
		Debug|Any CPU = Debug|Any CPU
		Debug|x64 = Debug|x64
		Debug|x86 = Debug|x86
		Release|Any CPU = Release|Any CPU
		Release|x64 = Release|x64
		Release|x86 = Release|x86
	EndGlobalSection
	GlobalSection(ProjectConfigurationPlatforms) = postSolution
		{B8B61C2B-4329-4535-A044-CD7531654F61}.Debug|Any CPU.ActiveCfg = Debug|Any CPU
		{B8B61C2B-4329-4535-A044-CD7531654F61}.Debug|Any CPU.Build.0 = Debug|Any CPU
		{B8B61C2B-4329-4535-A044-CD7531654F61}.Debug|x64.ActiveCfg = Debug|Any CPU
		{B8B61C2B-4329-4535-A044-CD7531654F61}.Debug|x64.Build.0 = Debug|Any CPU
		{B8B61C2B-4329-4535-A044-CD7531654F61}.Debug|x86.ActiveCfg = Debug|Any CPU
		{B8B61C2B-4329-4535-A044-CD7531654F61}.Debug|x86.Build.0 = Debug|Any CPU
		{B8B61C2B-4329-4535-A044-CD7531654F61}.Release|Any CPU.ActiveCfg = Release|Any CPU
		{B8B61C2B-4329-4535-A044-CD7531654F61}.Release|Any CPU.Build.0 = Release|Any CPU
		{B8B61C2B-4329-4535-A044-CD7531654F61}.Release|x64.ActiveCfg = Release|Any CPU
		{B8B61C2B-4329-4535-A044-CD7531654F61}.Release|x64.Build.0 = Release|Any CPU
		{B8B61C2B-4329-4535-A044-CD7531654F61}.Release|x86.ActiveCfg = Release|Any CPU
		{B8B61C2B-4329-4535-A044-CD7531654F61}.Release|x86.Build.0 = Release|Any CPU
		{D9BC7348-C3A6-4E7A-8668-6AF5B794CCB3}.Debug|Any CPU.ActiveCfg = Debug|Any CPU
		{D9BC7348-C3A6-4E7A-8668-6AF5B794CCB3}.Debug|Any CPU.Build.0 = Debug|Any CPU
		{D9BC7348-C3A6-4E7A-8668-6AF5B794CCB3}.Debug|x64.ActiveCfg = Debug|Any CPU
		{D9BC7348-C3A6-4E7A-8668-6AF5B794CCB3}.Debug|x64.Build.0 = Debug|Any CPU
		{D9BC7348-C3A6-4E7A-8668-6AF5B794CCB3}.Debug|x86.ActiveCfg = Debug|Any CPU
		{D9BC7348-C3A6-4E7A-8668-6AF5B794CCB3}.Debug|x86.Build.0 = Debug|Any CPU
		{D9BC7348-C3A6-4E7A-8668-6AF5B794CCB3}.Release|Any CPU.ActiveCfg = Release|Any CPU
		{D9BC7348-C3A6-4E7A-8668-6AF5B794CCB3}.Release|Any CPU.Build.0 = Release|Any CPU
		{D9BC7348-C3A6-4E7A-8668-6AF5B794CCB3}.Release|x64.ActiveCfg = Release|Any CPU
		{D9BC7348-C3A6-4E7A-8668-6AF5B794CCB3}.Release|x64.Build.0 = Release|Any CPU
		{D9BC7348-C3A6-4E7A-8668-6AF5B794CCB3}.Release|x86.ActiveCfg = Release|Any CPU
		{D9BC7348-C3A6-4E7A-8668-6AF5B794CCB3}.Release|x86.Build.0 = Release|Any CPU
		{76BE1814-588F-4F3D-92F7-E80F6FA47B57}.Debug|Any CPU.ActiveCfg = Debug|Any CPU
		{76BE1814-588F-4F3D-92F7-E80F6FA47B57}.Debug|Any CPU.Build.0 = Debug|Any CPU
		{76BE1814-588F-4F3D-92F7-E80F6FA47B57}.Debug|x64.ActiveCfg = Debug|Any CPU
		{76BE1814-588F-4F3D-92F7-E80F6FA47B57}.Debug|x64.Build.0 = Debug|Any CPU
		{76BE1814-588F-4F3D-92F7-E80F6FA47B57}.Debug|x86.ActiveCfg = Debug|Any CPU
		{76BE1814-588F-4F3D-92F7-E80F6FA47B57}.Debug|x86.Build.0 = Debug|Any CPU
		{76BE1814-588F-4F3D-92F7-E80F6FA47B57}.Release|Any CPU.ActiveCfg = Release|Any CPU
		{76BE1814-588F-4F3D-92F7-E80F6FA47B57}.Release|Any CPU.Build.0 = Release|Any CPU
		{76BE1814-588F-4F3D-92F7-E80F6FA47B57}.Release|x64.ActiveCfg = Release|Any CPU
		{76BE1814-588F-4F3D-92F7-E80F6FA47B57}.Release|x64.Build.0 = Release|Any CPU
		{76BE1814-588F-4F3D-92F7-E80F6FA47B57}.Release|x86.ActiveCfg = Release|Any CPU
		{76BE1814-588F-4F3D-92F7-E80F6FA47B57}.Release|x86.Build.0 = Release|Any CPU
		{BDB01797-2E00-442B-B732-95327A77D2D1}.Debug|Any CPU.ActiveCfg = Debug|Any CPU
		{BDB01797-2E00-442B-B732-95327A77D2D1}.Debug|Any CPU.Build.0 = Debug|Any CPU
		{BDB01797-2E00-442B-B732-95327A77D2D1}.Debug|x64.ActiveCfg = Debug|Any CPU
		{BDB01797-2E00-442B-B732-95327A77D2D1}.Debug|x64.Build.0 = Debug|Any CPU
		{BDB01797-2E00-442B-B732-95327A77D2D1}.Debug|x86.ActiveCfg = Debug|Any CPU
		{BDB01797-2E00-442B-B732-95327A77D2D1}.Debug|x86.Build.0 = Debug|Any CPU
		{BDB01797-2E00-442B-B732-95327A77D2D1}.Release|Any CPU.ActiveCfg = Release|Any CPU
		{BDB01797-2E00-442B-B732-95327A77D2D1}.Release|Any CPU.Build.0 = Release|Any CPU
		{BDB01797-2E00-442B-B732-95327A77D2D1}.Release|x64.ActiveCfg = Release|Any CPU
		{BDB01797-2E00-442B-B732-95327A77D2D1}.Release|x64.Build.0 = Release|Any CPU
		{BDB01797-2E00-442B-B732-95327A77D2D1}.Release|x86.ActiveCfg = Release|Any CPU
		{BDB01797-2E00-442B-B732-95327A77D2D1}.Release|x86.Build.0 = Release|Any CPU
		{ADAD19F8-4CE7-4DF6-8DA1-D614653A1364}.Debug|Any CPU.ActiveCfg = Debug|Any CPU
		{ADAD19F8-4CE7-4DF6-8DA1-D614653A1364}.Debug|Any CPU.Build.0 = Debug|Any CPU
		{ADAD19F8-4CE7-4DF6-8DA1-D614653A1364}.Debug|x64.ActiveCfg = Debug|Any CPU
		{ADAD19F8-4CE7-4DF6-8DA1-D614653A1364}.Debug|x64.Build.0 = Debug|Any CPU
		{ADAD19F8-4CE7-4DF6-8DA1-D614653A1364}.Debug|x86.ActiveCfg = Debug|Any CPU
		{ADAD19F8-4CE7-4DF6-8DA1-D614653A1364}.Debug|x86.Build.0 = Debug|Any CPU
		{ADAD19F8-4CE7-4DF6-8DA1-D614653A1364}.Release|Any CPU.ActiveCfg = Release|Any CPU
		{ADAD19F8-4CE7-4DF6-8DA1-D614653A1364}.Release|Any CPU.Build.0 = Release|Any CPU
		{ADAD19F8-4CE7-4DF6-8DA1-D614653A1364}.Release|x64.ActiveCfg = Release|Any CPU
		{ADAD19F8-4CE7-4DF6-8DA1-D614653A1364}.Release|x64.Build.0 = Release|Any CPU
		{ADAD19F8-4CE7-4DF6-8DA1-D614653A1364}.Release|x86.ActiveCfg = Release|Any CPU
		{ADAD19F8-4CE7-4DF6-8DA1-D614653A1364}.Release|x86.Build.0 = Release|Any CPU
		{3D4B7989-9F25-40A6-AEF3-2F88EE913128}.Debug|Any CPU.ActiveCfg = Debug|Any CPU
		{3D4B7989-9F25-40A6-AEF3-2F88EE913128}.Debug|Any CPU.Build.0 = Debug|Any CPU
		{3D4B7989-9F25-40A6-AEF3-2F88EE913128}.Debug|x64.ActiveCfg = Debug|Any CPU
		{3D4B7989-9F25-40A6-AEF3-2F88EE913128}.Debug|x64.Build.0 = Debug|Any CPU
		{3D4B7989-9F25-40A6-AEF3-2F88EE913128}.Debug|x86.ActiveCfg = Debug|Any CPU
		{3D4B7989-9F25-40A6-AEF3-2F88EE913128}.Debug|x86.Build.0 = Debug|Any CPU
		{3D4B7989-9F25-40A6-AEF3-2F88EE913128}.Release|Any CPU.ActiveCfg = Release|Any CPU
		{3D4B7989-9F25-40A6-AEF3-2F88EE913128}.Release|Any CPU.Build.0 = Release|Any CPU
		{3D4B7989-9F25-40A6-AEF3-2F88EE913128}.Release|x64.ActiveCfg = Release|Any CPU
		{3D4B7989-9F25-40A6-AEF3-2F88EE913128}.Release|x64.Build.0 = Release|Any CPU
		{3D4B7989-9F25-40A6-AEF3-2F88EE913128}.Release|x86.ActiveCfg = Release|Any CPU
		{3D4B7989-9F25-40A6-AEF3-2F88EE913128}.Release|x86.Build.0 = Release|Any CPU
		{B6294DB2-366F-4BB8-96BA-1BA1A830F1EA}.Debug|Any CPU.ActiveCfg = Debug|Any CPU
		{B6294DB2-366F-4BB8-96BA-1BA1A830F1EA}.Debug|Any CPU.Build.0 = Debug|Any CPU
		{B6294DB2-366F-4BB8-96BA-1BA1A830F1EA}.Debug|x64.ActiveCfg = Debug|Any CPU
		{B6294DB2-366F-4BB8-96BA-1BA1A830F1EA}.Debug|x64.Build.0 = Debug|Any CPU
		{B6294DB2-366F-4BB8-96BA-1BA1A830F1EA}.Debug|x86.ActiveCfg = Debug|Any CPU
		{B6294DB2-366F-4BB8-96BA-1BA1A830F1EA}.Debug|x86.Build.0 = Debug|Any CPU
		{B6294DB2-366F-4BB8-96BA-1BA1A830F1EA}.Release|Any CPU.ActiveCfg = Release|Any CPU
		{B6294DB2-366F-4BB8-96BA-1BA1A830F1EA}.Release|Any CPU.Build.0 = Release|Any CPU
		{B6294DB2-366F-4BB8-96BA-1BA1A830F1EA}.Release|x64.ActiveCfg = Release|Any CPU
		{B6294DB2-366F-4BB8-96BA-1BA1A830F1EA}.Release|x64.Build.0 = Release|Any CPU
		{B6294DB2-366F-4BB8-96BA-1BA1A830F1EA}.Release|x86.ActiveCfg = Release|Any CPU
		{B6294DB2-366F-4BB8-96BA-1BA1A830F1EA}.Release|x86.Build.0 = Release|Any CPU
	EndGlobalSection
	GlobalSection(SolutionProperties) = preSolution
		HideSolutionNode = FALSE
	EndGlobalSection
	GlobalSection(NestedProjects) = preSolution
		{B8B61C2B-4329-4535-A044-CD7531654F61} = {827E0CD3-B72D-47B6-A68D-7590B98EB39B}
		{D9BC7348-C3A6-4E7A-8668-6AF5B794CCB3} = {827E0CD3-B72D-47B6-A68D-7590B98EB39B}
		{76BE1814-588F-4F3D-92F7-E80F6FA47B57} = {827E0CD3-B72D-47B6-A68D-7590B98EB39B}
		{BDB01797-2E00-442B-B732-95327A77D2D1} = {827E0CD3-B72D-47B6-A68D-7590B98EB39B}
		{ADAD19F8-4CE7-4DF6-8DA1-D614653A1364} = {0AB3BF05-4346-4AA6-1389-037BE0695223}
		{3D4B7989-9F25-40A6-AEF3-2F88EE913128} = {0AB3BF05-4346-4AA6-1389-037BE0695223}
		{B6294DB2-366F-4BB8-96BA-1BA1A830F1EA} = {0AB3BF05-4346-4AA6-1389-037BE0695223}
	EndGlobalSection
EndGlobal
